
Microsoft Visual Studio Solution File, Format Version 12.00
# Visual Studio Version 16
VisualStudioVersion = 16.0.29827.131
MinimumVisualStudioVersion = 10.0.40219.1
Project("{8BC9CEB8-8B4A-11D0-8D11-00A0C91BC942}") = "Question2", "Question2\Question2.vcxproj", "{8F5FB956-1D18-4520-9808-C3F71896E3E1}"
EndProject
Project("{8BC9CEB8-8B4A-11D0-8D11-00A0C91BC942}") = "Question3", "Question3\Question3.vcxproj", "{02A8AD89-64DD-4B99-8120-28D3F37033F2}"
EndProject
Global
	GlobalSection(SolutionConfigurationPlatforms) = preSolution
		Debug|x64 = Debug|x64
		Debug|x86 = Debug|x86
		Release|x64 = Release|x64
		Release|x86 = Release|x86
	EndGlobalSection
	GlobalSection(ProjectConfigurationPlatforms) = postSolution
		{8F5FB956-1D18-4520-9808-C3F71896E3E1}.Debug|x64.ActiveCfg = Debug|x64
		{8F5FB956-1D18-4520-9808-C3F71896E3E1}.Debug|x64.Build.0 = Debug|x64
		{8F5FB956-1D18-4520-9808-C3F71896E3E1}.Debug|x86.ActiveCfg = Debug|Win32
		{8F5FB956-1D18-4520-9808-C3F71896E3E1}.Debug|x86.Build.0 = Debug|Win32
		{8F5FB956-1D18-4520-9808-C3F71896E3E1}.Release|x64.ActiveCfg = Debug|x64
		{8F5FB956-1D18-4520-9808-C3F71896E3E1}.Release|x86.ActiveCfg = Release|Win32
		{8F5FB956-1D18-4520-9808-C3F71896E3E1}.Release|x86.Build.0 = Release|Win32
		{02A8AD89-64DD-4B99-8120-28D3F37033F2}.Debug|x64.ActiveCfg = Debug|x64
		{02A8AD89-64DD-4B99-8120-28D3F37033F2}.Debug|x64.Build.0 = Debug|x64
		{02A8AD89-64DD-4B99-8120-28D3F37033F2}.Debug|x86.ActiveCfg = Debug|Win32
		{02A8AD89-64DD-4B99-8120-28D3F37033F2}.Debug|x86.Build.0 = Debug|Win32
		{02A8AD89-64DD-4B99-8120-28D3F37033F2}.Release|x64.ActiveCfg = Release|x64
		{02A8AD89-64DD-4B99-8120-28D3F37033F2}.Release|x64.Build.0 = Release|x64
		{02A8AD89-64DD-4B99-8120-28D3F37033F2}.Release|x86.ActiveCfg = Release|Win32
		{02A8AD89-64DD-4B99-8120-28D3F37033F2}.Release|x86.Build.0 = Release|Win32
	EndGlobalSection
	GlobalSection(SolutionProperties) = preSolution
		HideSolutionNode = FALSE
	EndGlobalSection
	GlobalSection(ExtensibilityGlobals) = postSolution
		SolutionGuid = {AB18AB90-1860-4503-8327-261AC43A54FC}
	EndGlobalSection
EndGlobal
